
Microsoft Visual Studio Solution File, Format Version 12.00
# Visual Studio Version 17
VisualStudioVersion = 17.0.31903.59
MinimumVisualStudioVersion = 10.0.40219.1
Project("{2150E333-8FDC-42A3-9474-1A3956D46DE8}") = "src", "src", "{827E0CD3-B72D-47B6-A68D-7590B98EB39B}"
EndProject
Project("{2150E333-8FDC-42A3-9474-1A3956D46DE8}") = "Shared", "Shared", "{C8E42992-5E42-0C2B-DBFE-AA848D06431C}"
EndProject
Project("{FAE04EC0-301F-11D3-BF4B-00C04F79EFBC}") = "Mondabet.Shared", "src\Shared\Mondabet.Shared\Mondabet.Shared.csproj", "{34BD7B8B-BDBE-4604-814B-3F9C8B4A338A}"
EndProject
Project("{FAE04EC0-301F-11D3-BF4B-00C04F79EFBC}") = "Mondabet.Gateway", "src\Gateway\Mondabet.Gateway\Mondabet.Gateway.csproj", "{E8605ED2-5F2B-4F0D-9209-95BEA148F244}"
EndProject
Project("{FAE04EC0-301F-11D3-BF4B-00C04F79EFBC}") = "Mondabet.Identity.Domain", "src\Services\Identity\Mondabet.Identity.Domain\Mondabet.Identity.Domain.csproj", "{F3146427-F926-4666-B2FD-BA6F2730F6DE}"
EndProject
Project("{FAE04EC0-301F-11D3-BF4B-00C04F79EFBC}") = "Mondabet.Identity.Application", "src\Services\Identity\Mondabet.Identity.Application\Mondabet.Identity.Application.csproj", "{08B5CD63-4522-4594-A615-E0732240AC13}"
EndProject
Project("{FAE04EC0-301F-11D3-BF4B-00C04F79EFBC}") = "Mondabet.Identity.Infrastructure", "src\Services\Identity\Mondabet.Identity.Infrastructure\Mondabet.Identity.Infrastructure.csproj", "{561182D5-3986-40F6-89EB-D46018136D4A}"
EndProject
Project("{FAE04EC0-301F-11D3-BF4B-00C04F79EFBC}") = "Mondabet.Identity.Api", "src\Services\Identity\Mondabet.Identity.Api\Mondabet.Identity.Api.csproj", "{B76F4CF0-97B6-4A0B-8D51-922B6C8B22FC}"
EndProject
Project("{FAE04EC0-301F-11D3-BF4B-00C04F79EFBC}") = "Mondabet.Identity.Application.Tests", "tests\Identity\Mondabet.Identity.Application.Tests\Mondabet.Identity.Application.Tests.csproj", "{98EE7666-1FB2-4619-9878-B18742C462E7}"
EndProject
Project("{2150E333-8FDC-42A3-9474-1A3956D46DE8}") = "Services", "Services", "{984BB9B3-3FA3-BE33-9484-CAC21695A33C}"
EndProject
Project("{2150E333-8FDC-42A3-9474-1A3956D46DE8}") = "Tenant", "Tenant", "{4137BF28-B899-3035-DC87-9BA2D48E7A87}"
EndProject
Project("{FAE04EC0-301F-11D3-BF4B-00C04F79EFBC}") = "Mondabet.Tenant.Domain", "src\Services\Tenant\Mondabet.Tenant.Domain\Mondabet.Tenant.Domain.csproj", "{6A3B96F4-F4D6-4E02-AE89-4160ACA5DECA}"
EndProject
Project("{FAE04EC0-301F-11D3-BF4B-00C04F79EFBC}") = "Mondabet.Tenant.Application", "src\Services\Tenant\Mondabet.Tenant.Application\Mondabet.Tenant.Application.csproj", "{4E959BC5-9D18-4D8C-916F-D67E0E1EBA86}"
EndProject
Project("{FAE04EC0-301F-11D3-BF4B-00C04F79EFBC}") = "Mondabet.Tenant.Infrastructure", "src\Services\Tenant\Mondabet.Tenant.Infrastructure\Mondabet.Tenant.Infrastructure.csproj", "{1B860702-2BF8-4FFB-9289-3BFBBF861141}"
EndProject
Project("{FAE04EC0-301F-11D3-BF4B-00C04F79EFBC}") = "Mondabet.Tenant.Api", "src\Services\Tenant\Mondabet.Tenant.Api\Mondabet.Tenant.Api.csproj", "{662EBAC1-1EDB-4819-BB5D-277986933B69}"
EndProject
Project("{FAE04EC0-301F-11D3-BF4B-00C04F79EFBC}") = "Mondabet.Employee.Domain", "src\Services\Employee\Mondabet.Employee.Domain\Mondabet.Employee.Domain.csproj", "{C255CC52-4C27-48FE-A177-5659B62FBDCB}"
EndProject
Project("{FAE04EC0-301F-11D3-BF4B-00C04F79EFBC}") = "Mondabet.Employee.Application", "src\Services\Employee\Mondabet.Employee.Application\Mondabet.Employee.Application.csproj", "{FF9B8CF1-7B6E-45C3-A3DB-573F0BDBB693}"
EndProject
Project("{FAE04EC0-301F-11D3-BF4B-00C04F79EFBC}") = "Mondabet.Employee.Infrastructure", "src\Services\Employee\Mondabet.Employee.Infrastructure\Mondabet.Employee.Infrastructure.csproj", "{59E6745E-EECF-48B2-A940-4DF752310F65}"
EndProject
Project("{FAE04EC0-301F-11D3-BF4B-00C04F79EFBC}") = "Mondabet.Employee.Api", "src\Services\Employee\Mondabet.Employee.Api\Mondabet.Employee.Api.csproj", "{A1965251-68FA-43C2-8EED-7899769987F4}"
EndProject
Project("{2150E333-8FDC-42A3-9474-1A3956D46DE8}") = "Attendance", "Attendance", "{CCB037B1-8887-5A16-D510-C5142074CF12}"
EndProject
Project("{FAE04EC0-301F-11D3-BF4B-00C04F79EFBC}") = "Mondabet.Attendance.Domain", "src\Services\Attendance\Mondabet.Attendance.Domain\Mondabet.Attendance.Domain.csproj", "{172A9C3A-ABF2-49D1-92E4-6B772A6842CF}"
EndProject
Project("{FAE04EC0-301F-11D3-BF4B-00C04F79EFBC}") = "Mondabet.Attendance.Application", "src\Services\Attendance\Mondabet.Attendance.Application\Mondabet.Attendance.Application.csproj", "{DDDAC7A3-37C0-4AEF-B2A1-394EC24B4F19}"
EndProject
Project("{FAE04EC0-301F-11D3-BF4B-00C04F79EFBC}") = "Mondabet.Attendance.Infrastructure", "src\Services\Attendance\Mondabet.Attendance.Infrastructure\Mondabet.Attendance.Infrastructure.csproj", "{268C328F-FC13-40DA-A582-49AC0448AE89}"
EndProject
Project("{FAE04EC0-301F-11D3-BF4B-00C04F79EFBC}") = "Mondabet.Attendance.Api", "src\Services\Attendance\Mondabet.Attendance.Api\Mondabet.Attendance.Api.csproj", "{9364EC22-1488-484D-8F46-641AD4FDEE06}"
EndProject
Project("{2150E333-8FDC-42A3-9474-1A3956D46DE8}") = "tests", "tests", "{0AB3BF05-4346-4AA6-1389-037BE0695223}"
EndProject
Project("{2150E333-8FDC-42A3-9474-1A3956D46DE8}") = "Attendance", "Attendance", "{34247D33-538F-476A-0B4F-0582143C30EE}"
EndProject
Project("{FAE04EC0-301F-11D3-BF4B-00C04F79EFBC}") = "Mondabet.Attendance.Domain.Tests", "tests\Attendance\Mondabet.Attendance.Domain.Tests\Mondabet.Attendance.Domain.Tests.csproj", "{052A1814-C2D6-4075-92A4-68F957691CBB}"
EndProject
Project("{2150E333-8FDC-42A3-9474-1A3956D46DE8}") = "Leave", "Leave", "{44926F06-90B6-0D89-49E2-F6DD77DAA27E}"
EndProject
Project("{FAE04EC0-301F-11D3-BF4B-00C04F79EFBC}") = "Mondabet.Leave.Domain", "src\Services\Leave\Mondabet.Leave.Domain\Mondabet.Leave.Domain.csproj", "{73E59157-E580-4FEA-80CC-1147F9F3A91C}"
EndProject
Project("{FAE04EC0-301F-11D3-BF4B-00C04F79EFBC}") = "Mondabet.Leave.Application", "src\Services\Leave\Mondabet.Leave.Application\Mondabet.Leave.Application.csproj", "{44CBBDF0-2053-40D2-A4D0-1EF1C0EC6458}"
EndProject
Project("{FAE04EC0-301F-11D3-BF4B-00C04F79EFBC}") = "Mondabet.Leave.Infrastructure", "src\Services\Leave\Mondabet.Leave.Infrastructure\Mondabet.Leave.Infrastructure.csproj", "{DD30B52F-B58B-4413-A7D4-E1E0164CB9CA}"
EndProject
Project("{FAE04EC0-301F-11D3-BF4B-00C04F79EFBC}") = "Mondabet.Leave.Api", "src\Services\Leave\Mondabet.Leave.Api\Mondabet.Leave.Api.csproj", "{A0AFB69C-18E8-439A-BB83-AD4B9EF82E84}"
EndProject
Project("{2150E333-8FDC-42A3-9474-1A3956D46DE8}") = "Notification", "Notification", "{C5FBE174-8E0F-F5A3-B929-8BD0C55C0A32}"
EndProject
Project("{FAE04EC0-301F-11D3-BF4B-00C04F79EFBC}") = "Mondabet.Notification.Application", "src\Services\Notification\Mondabet.Notification.Application\Mondabet.Notification.Application.csproj", "{73419F1B-689B-439E-8F19-58B7129E3203}"
EndProject
Project("{FAE04EC0-301F-11D3-BF4B-00C04F79EFBC}") = "Mondabet.Notification.Infrastructure", "src\Services\Notification\Mondabet.Notification.Infrastructure\Mondabet.Notification.Infrastructure.csproj", "{24166B48-2CFF-4BA8-B4C0-2266E06CA73C}"
EndProject
Project("{FAE04EC0-301F-11D3-BF4B-00C04F79EFBC}") = "Mondabet.Notification.Api", "src\Services\Notification\Mondabet.Notification.Api\Mondabet.Notification.Api.csproj", "{1F91DA3B-EE92-43E9-B753-FD2ECD8E5D31}"
EndProject
Project("{2150E333-8FDC-42A3-9474-1A3956D46DE8}") = "Report", "Report", "{EA21366C-CA10-58A8-F467-82E475E18730}"
EndProject
Project("{FAE04EC0-301F-11D3-BF4B-00C04F79EFBC}") = "Mondabet.Report.Application", "src\Services\Report\Mondabet.Report.Application\Mondabet.Report.Application.csproj", "{536F6E6E-3E9E-484F-94CB-0FDA88E811CC}"
EndProject
Project("{FAE04EC0-301F-11D3-BF4B-00C04F79EFBC}") = "Mondabet.Report.Infrastructure", "src\Services\Report\Mondabet.Report.Infrastructure\Mondabet.Report.Infrastructure.csproj", "{59A1B451-F154-477B-9278-D17E5DBE5D54}"
EndProject
Project("{FAE04EC0-301F-11D3-BF4B-00C04F79EFBC}") = "Mondabet.Report.Api", "src\Services\Report\Mondabet.Report.Api\Mondabet.Report.Api.csproj", "{87F97126-99EA-4BC8-8D40-DAF0D23B454E}"
EndProject
Project("{2150E333-8FDC-42A3-9474-1A3956D46DE8}") = "Workflow", "Workflow", "{A4401965-5809-5141-2D9E-29A141B8CC83}"
EndProject
Project("{FAE04EC0-301F-11D3-BF4B-00C04F79EFBC}") = "Mondabet.Workflow.Domain", "src\Services\Workflow\Mondabet.Workflow.Domain\Mondabet.Workflow.Domain.csproj", "{76EA52E0-4C5A-4EFA-95CF-103E06252396}"
EndProject
Project("{FAE04EC0-301F-11D3-BF4B-00C04F79EFBC}") = "Mondabet.Workflow.Application", "src\Services\Workflow\Mondabet.Workflow.Application\Mondabet.Workflow.Application.csproj", "{D52BB0B1-73BD-493C-8654-E79C457DDE46}"
EndProject
Project("{FAE04EC0-301F-11D3-BF4B-00C04F79EFBC}") = "Mondabet.Workflow.Infrastructure", "src\Services\Workflow\Mondabet.Workflow.Infrastructure\Mondabet.Workflow.Infrastructure.csproj", "{C1B99A73-0DBC-40DA-8203-D2F5E29A98EC}"
EndProject
Project("{FAE04EC0-301F-11D3-BF4B-00C04F79EFBC}") = "Mondabet.Workflow.Api", "src\Services\Workflow\Mondabet.Workflow.Api\Mondabet.Workflow.Api.csproj", "{954622F2-B7C7-4753-AD53-91C5D306E056}"
EndProject
Project("{2150E333-8FDC-42A3-9474-1A3956D46DE8}") = "Clarification", "Clarification", "{F81450C1-4687-1D10-9817-770A2DDC5EA4}"
EndProject
Project("{FAE04EC0-301F-11D3-BF4B-00C04F79EFBC}") = "Mondabet.Clarification.Infrastructure", "src\Services\Clarification\Mondabet.Clarification.Infrastructure\Mondabet.Clarification.Infrastructure.csproj", "{B965425E-47F7-49C3-A8E0-70669C589961}"
EndProject
Project("{FAE04EC0-301F-11D3-BF4B-00C04F79EFBC}") = "Mondabet.Clarification.Api", "src\Services\Clarification\Mondabet.Clarification.Api\Mondabet.Clarification.Api.csproj", "{C2E00E17-6491-4EA7-A477-803D36DB1151}"
EndProject
Project("{2150E333-8FDC-42A3-9474-1A3956D46DE8}") = "Security", "Security", "{AFF0839D-F866-33C7-E8C2-547BAEB3ADA1}"
EndProject
Project("{FAE04EC0-301F-11D3-BF4B-00C04F79EFBC}") = "Mondabet.Security.Tests", "tests\Security\Mondabet.Security.Tests\Mondabet.Security.Tests.csproj", "{76883534-BAD4-4686-9199-B72DE4FEC5A9}"
EndProject
Global
	GlobalSection(SolutionConfigurationPlatforms) = preSolution
		Debug|Any CPU = Debug|Any CPU
		Debug|x64 = Debug|x64
		Debug|x86 = Debug|x86
		Release|Any CPU = Release|Any CPU
		Release|x64 = Release|x64
		Release|x86 = Release|x86
	EndGlobalSection
	GlobalSection(ProjectConfigurationPlatforms) = postSolution
		{34BD7B8B-BDBE-4604-814B-3F9C8B4A338A}.Debug|Any CPU.ActiveCfg = Debug|Any CPU
		{34BD7B8B-BDBE-4604-814B-3F9C8B4A338A}.Debug|Any CPU.Build.0 = Debug|Any CPU
		{34BD7B8B-BDBE-4604-814B-3F9C8B4A338A}.Debug|x64.ActiveCfg = Debug|Any CPU
		{34BD7B8B-BDBE-4604-814B-3F9C8B4A338A}.Debug|x64.Build.0 = Debug|Any CPU
		{34BD7B8B-BDBE-4604-814B-3F9C8B4A338A}.Debug|x86.ActiveCfg = Debug|Any CPU
		{34BD7B8B-BDBE-4604-814B-3F9C8B4A338A}.Debug|x86.Build.0 = Debug|Any CPU
		{34BD7B8B-BDBE-4604-814B-3F9C8B4A338A}.Release|Any CPU.ActiveCfg = Release|Any CPU
		{34BD7B8B-BDBE-4604-814B-3F9C8B4A338A}.Release|Any CPU.Build.0 = Release|Any CPU
		{34BD7B8B-BDBE-4604-814B-3F9C8B4A338A}.Release|x64.ActiveCfg = Release|Any CPU
		{34BD7B8B-BDBE-4604-814B-3F9C8B4A338A}.Release|x64.Build.0 = Release|Any CPU
		{34BD7B8B-BDBE-4604-814B-3F9C8B4A338A}.Release|x86.ActiveCfg = Release|Any CPU
		{34BD7B8B-BDBE-4604-814B-3F9C8B4A338A}.Release|x86.Build.0 = Release|Any CPU
		{E8605ED2-5F2B-4F0D-9209-95BEA148F244}.Debug|Any CPU.ActiveCfg = Debug|Any CPU
		{E8605ED2-5F2B-4F0D-9209-95BEA148F244}.Debug|Any CPU.Build.0 = Debug|Any CPU
		{E8605ED2-5F2B-4F0D-9209-95BEA148F244}.Debug|x64.ActiveCfg = Debug|Any CPU
		{E8605ED2-5F2B-4F0D-9209-95BEA148F244}.Debug|x64.Build.0 = Debug|Any CPU
		{E8605ED2-5F2B-4F0D-9209-95BEA148F244}.Debug|x86.ActiveCfg = Debug|Any CPU
		{E8605ED2-5F2B-4F0D-9209-95BEA148F244}.Debug|x86.Build.0 = Debug|Any CPU
		{E8605ED2-5F2B-4F0D-9209-95BEA148F244}.Release|Any CPU.ActiveCfg = Release|Any CPU
		{E8605ED2-5F2B-4F0D-9209-95BEA148F244}.Release|Any CPU.Build.0 = Release|Any CPU
		{E8605ED2-5F2B-4F0D-9209-95BEA148F244}.Release|x64.ActiveCfg = Release|Any CPU
		{E8605ED2-5F2B-4F0D-9209-95BEA148F244}.Release|x64.Build.0 = Release|Any CPU
		{E8605ED2-5F2B-4F0D-9209-95BEA148F244}.Release|x86.ActiveCfg = Release|Any CPU
		{E8605ED2-5F2B-4F0D-9209-95BEA148F244}.Release|x86.Build.0 = Release|Any CPU
		{F3146427-F926-4666-B2FD-BA6F2730F6DE}.Debug|Any CPU.ActiveCfg = Debug|Any CPU
		{F3146427-F926-4666-B2FD-BA6F2730F6DE}.Debug|Any CPU.Build.0 = Debug|Any CPU
		{F3146427-F926-4666-B2FD-BA6F2730F6DE}.Debug|x64.ActiveCfg = Debug|Any CPU
		{F3146427-F926-4666-B2FD-BA6F2730F6DE}.Debug|x64.Build.0 = Debug|Any CPU
		{F3146427-F926-4666-B2FD-BA6F2730F6DE}.Debug|x86.ActiveCfg = Debug|Any CPU
		{F3146427-F926-4666-B2FD-BA6F2730F6DE}.Debug|x86.Build.0 = Debug|Any CPU
		{F3146427-F926-4666-B2FD-BA6F2730F6DE}.Release|Any CPU.ActiveCfg = Release|Any CPU
		{F3146427-F926-4666-B2FD-BA6F2730F6DE}.Release|Any CPU.Build.0 = Release|Any CPU
		{F3146427-F926-4666-B2FD-BA6F2730F6DE}.Release|x64.ActiveCfg = Release|Any CPU
		{F3146427-F926-4666-B2FD-BA6F2730F6DE}.Release|x64.Build.0 = Release|Any CPU
		{F3146427-F926-4666-B2FD-BA6F2730F6DE}.Release|x86.ActiveCfg = Release|Any CPU
		{F3146427-F926-4666-B2FD-BA6F2730F6DE}.Release|x86.Build.0 = Release|Any CPU
		{08B5CD63-4522-4594-A615-E0732240AC13}.Debug|Any CPU.ActiveCfg = Debug|Any CPU
		{08B5CD63-4522-4594-A615-E0732240AC13}.Debug|Any CPU.Build.0 = Debug|Any CPU
		{08B5CD63-4522-4594-A615-E0732240AC13}.Debug|x64.ActiveCfg = Debug|Any CPU
		{08B5CD63-4522-4594-A615-E0732240AC13}.Debug|x64.Build.0 = Debug|Any CPU
		{08B5CD63-4522-4594-A615-E0732240AC13}.Debug|x86.ActiveCfg = Debug|Any CPU
		{08B5CD63-4522-4594-A615-E0732240AC13}.Debug|x86.Build.0 = Debug|Any CPU
		{08B5CD63-4522-4594-A615-E0732240AC13}.Release|Any CPU.ActiveCfg = Release|Any CPU
		{08B5CD63-4522-4594-A615-E0732240AC13}.Release|Any CPU.Build.0 = Release|Any CPU
		{08B5CD63-4522-4594-A615-E0732240AC13}.Release|x64.ActiveCfg = Release|Any CPU
		{08B5CD63-4522-4594-A615-E0732240AC13}.Release|x64.Build.0 = Release|Any CPU
		{08B5CD63-4522-4594-A615-E0732240AC13}.Release|x86.ActiveCfg = Release|Any CPU
		{08B5CD63-4522-4594-A615-E0732240AC13}.Release|x86.Build.0 = Release|Any CPU
		{561182D5-3986-40F6-89EB-D46018136D4A}.Debug|Any CPU.ActiveCfg = Debug|Any CPU
		{561182D5-3986-40F6-89EB-D46018136D4A}.Debug|Any CPU.Build.0 = Debug|Any CPU
		{561182D5-3986-40F6-89EB-D46018136D4A}.Debug|x64.ActiveCfg = Debug|Any CPU
		{561182D5-3986-40F6-89EB-D46018136D4A}.Debug|x64.Build.0 = Debug|Any CPU
		{561182D5-3986-40F6-89EB-D46018136D4A}.Debug|x86.ActiveCfg = Debug|Any CPU
		{561182D5-3986-40F6-89EB-D46018136D4A}.Debug|x86.Build.0 = Debug|Any CPU
		{561182D5-3986-40F6-89EB-D46018136D4A}.Release|Any CPU.ActiveCfg = Release|Any CPU
		{561182D5-3986-40F6-89EB-D46018136D4A}.Release|Any CPU.Build.0 = Release|Any CPU
		{561182D5-3986-40F6-89EB-D46018136D4A}.Release|x64.ActiveCfg = Release|Any CPU
		{561182D5-3986-40F6-89EB-D46018136D4A}.Release|x64.Build.0 = Release|Any CPU
		{561182D5-3986-40F6-89EB-D46018136D4A}.Release|x86.ActiveCfg = Release|Any CPU
		{561182D5-3986-40F6-89EB-D46018136D4A}.Release|x86.Build.0 = Release|Any CPU
		{B76F4CF0-97B6-4A0B-8D51-922B6C8B22FC}.Debug|Any CPU.ActiveCfg = Debug|Any CPU
		{B76F4CF0-97B6-4A0B-8D51-922B6C8B22FC}.Debug|Any CPU.Build.0 = Debug|Any CPU
		{B76F4CF0-97B6-4A0B-8D51-922B6C8B22FC}.Debug|x64.ActiveCfg = Debug|Any CPU
		{B76F4CF0-97B6-4A0B-8D51-922B6C8B22FC}.Debug|x64.Build.0 = Debug|Any CPU
		{B76F4CF0-97B6-4A0B-8D51-922B6C8B22FC}.Debug|x86.ActiveCfg = Debug|Any CPU
		{B76F4CF0-97B6-4A0B-8D51-922B6C8B22FC}.Debug|x86.Build.0 = Debug|Any CPU
		{B76F4CF0-97B6-4A0B-8D51-922B6C8B22FC}.Release|Any CPU.ActiveCfg = Release|Any CPU
		{B76F4CF0-97B6-4A0B-8D51-922B6C8B22FC}.Release|Any CPU.Build.0 = Release|Any CPU
		{B76F4CF0-97B6-4A0B-8D51-922B6C8B22FC}.Release|x64.ActiveCfg = Release|Any CPU
		{B76F4CF0-97B6-4A0B-8D51-922B6C8B22FC}.Release|x64.Build.0 = Release|Any CPU
		{B76F4CF0-97B6-4A0B-8D51-922B6C8B22FC}.Release|x86.ActiveCfg = Release|Any CPU
		{B76F4CF0-97B6-4A0B-8D51-922B6C8B22FC}.Release|x86.Build.0 = Release|Any CPU
		{98EE7666-1FB2-4619-9878-B18742C462E7}.Debug|Any CPU.ActiveCfg = Debug|Any CPU
		{98EE7666-1FB2-4619-9878-B18742C462E7}.Debug|Any CPU.Build.0 = Debug|Any CPU
		{98EE7666-1FB2-4619-9878-B18742C462E7}.Debug|x64.ActiveCfg = Debug|Any CPU
		{98EE7666-1FB2-4619-9878-B18742C462E7}.Debug|x64.Build.0 = Debug|Any CPU
		{98EE7666-1FB2-4619-9878-B18742C462E7}.Debug|x86.ActiveCfg = Debug|Any CPU
		{98EE7666-1FB2-4619-9878-B18742C462E7}.Debug|x86.Build.0 = Debug|Any CPU
		{98EE7666-1FB2-4619-9878-B18742C462E7}.Release|Any CPU.ActiveCfg = Release|Any CPU
		{98EE7666-1FB2-4619-9878-B18742C462E7}.Release|Any CPU.Build.0 = Release|Any CPU
		{98EE7666-1FB2-4619-9878-B18742C462E7}.Release|x64.ActiveCfg = Release|Any CPU
		{98EE7666-1FB2-4619-9878-B18742C462E7}.Release|x64.Build.0 = Release|Any CPU
		{98EE7666-1FB2-4619-9878-B18742C462E7}.Release|x86.ActiveCfg = Release|Any CPU
		{98EE7666-1FB2-4619-9878-B18742C462E7}.Release|x86.Build.0 = Release|Any CPU
		{6A3B96F4-F4D6-4E02-AE89-4160ACA5DECA}.Debug|Any CPU.ActiveCfg = Debug|Any CPU
		{6A3B96F4-F4D6-4E02-AE89-4160ACA5DECA}.Debug|Any CPU.Build.0 = Debug|Any CPU
		{6A3B96F4-F4D6-4E02-AE89-4160ACA5DECA}.Debug|x64.ActiveCfg = Debug|Any CPU
		{6A3B96F4-F4D6-4E02-AE89-4160ACA5DECA}.Debug|x64.Build.0 = Debug|Any CPU
		{6A3B96F4-F4D6-4E02-AE89-4160ACA5DECA}.Debug|x86.ActiveCfg = Debug|Any CPU
		{6A3B96F4-F4D6-4E02-AE89-4160ACA5DECA}.Debug|x86.Build.0 = Debug|Any CPU
		{6A3B96F4-F4D6-4E02-AE89-4160ACA5DECA}.Release|Any CPU.ActiveCfg = Release|Any CPU
		{6A3B96F4-F4D6-4E02-AE89-4160ACA5DECA}.Release|Any CPU.Build.0 = Release|Any CPU
		{6A3B96F4-F4D6-4E02-AE89-4160ACA5DECA}.Release|x64.ActiveCfg = Release|Any CPU
		{6A3B96F4-F4D6-4E02-AE89-4160ACA5DECA}.Release|x64.Build.0 = Release|Any CPU
		{6A3B96F4-F4D6-4E02-AE89-4160ACA5DECA}.Release|x86.ActiveCfg = Release|Any CPU
		{6A3B96F4-F4D6-4E02-AE89-4160ACA5DECA}.Release|x86.Build.0 = Release|Any CPU
		{4E959BC5-9D18-4D8C-916F-D67E0E1EBA86}.Debug|Any CPU.ActiveCfg = Debug|Any CPU
		{4E959BC5-9D18-4D8C-916F-D67E0E1EBA86}.Debug|Any CPU.Build.0 = Debug|Any CPU
		{4E959BC5-9D18-4D8C-916F-D67E0E1EBA86}.Debug|x64.ActiveCfg = Debug|Any CPU
		{4E959BC5-9D18-4D8C-916F-D67E0E1EBA86}.Debug|x64.Build.0 = Debug|Any CPU
		{4E959BC5-9D18-4D8C-916F-D67E0E1EBA86}.Debug|x86.ActiveCfg = Debug|Any CPU
		{4E959BC5-9D18-4D8C-916F-D67E0E1EBA86}.Debug|x86.Build.0 = Debug|Any CPU
		{4E959BC5-9D18-4D8C-916F-D67E0E1EBA86}.Release|Any CPU.ActiveCfg = Release|Any CPU
		{4E959BC5-9D18-4D8C-916F-D67E0E1EBA86}.Release|Any CPU.Build.0 = Release|Any CPU
		{4E959BC5-9D18-4D8C-916F-D67E0E1EBA86}.Release|x64.ActiveCfg = Release|Any CPU
		{4E959BC5-9D18-4D8C-916F-D67E0E1EBA86}.Release|x64.Build.0 = Release|Any CPU
		{4E959BC5-9D18-4D8C-916F-D67E0E1EBA86}.Release|x86.ActiveCfg = Release|Any CPU
		{4E959BC5-9D18-4D8C-916F-D67E0E1EBA86}.Release|x86.Build.0 = Release|Any CPU
		{1B860702-2BF8-4FFB-9289-3BFBBF861141}.Debug|Any CPU.ActiveCfg = Debug|Any CPU
		{1B860702-2BF8-4FFB-9289-3BFBBF861141}.Debug|Any CPU.Build.0 = Debug|Any CPU
		{1B860702-2BF8-4FFB-9289-3BFBBF861141}.Debug|x64.ActiveCfg = Debug|Any CPU
		{1B860702-2BF8-4FFB-9289-3BFBBF861141}.Debug|x64.Build.0 = Debug|Any CPU
		{1B860702-2BF8-4FFB-9289-3BFBBF861141}.Debug|x86.ActiveCfg = Debug|Any CPU
		{1B860702-2BF8-4FFB-9289-3BFBBF861141}.Debug|x86.Build.0 = Debug|Any CPU
		{1B860702-2BF8-4FFB-9289-3BFBBF861141}.Release|Any CPU.ActiveCfg = Release|Any CPU
		{1B860702-2BF8-4FFB-9289-3BFBBF861141}.Release|Any CPU.Build.0 = Release|Any CPU
		{1B860702-2BF8-4FFB-9289-3BFBBF861141}.Release|x64.ActiveCfg = Release|Any CPU
		{1B860702-2BF8-4FFB-9289-3BFBBF861141}.Release|x64.Build.0 = Release|Any CPU
		{1B860702-2BF8-4FFB-9289-3BFBBF861141}.Release|x86.ActiveCfg = Release|Any CPU
		{1B860702-2BF8-4FFB-9289-3BFBBF861141}.Release|x86.Build.0 = Release|Any CPU
		{662EBAC1-1EDB-4819-BB5D-277986933B69}.Debug|Any CPU.ActiveCfg = Debug|Any CPU
		{662EBAC1-1EDB-4819-BB5D-277986933B69}.Debug|Any CPU.Build.0 = Debug|Any CPU
		{662EBAC1-1EDB-4819-BB5D-277986933B69}.Debug|x64.ActiveCfg = Debug|Any CPU
		{662EBAC1-1EDB-4819-BB5D-277986933B69}.Debug|x64.Build.0 = Debug|Any CPU
		{662EBAC1-1EDB-4819-BB5D-277986933B69}.Debug|x86.ActiveCfg = Debug|Any CPU
		{662EBAC1-1EDB-4819-BB5D-277986933B69}.Debug|x86.Build.0 = Debug|Any CPU
		{662EBAC1-1EDB-4819-BB5D-277986933B69}.Release|Any CPU.ActiveCfg = Release|Any CPU
		{662EBAC1-1EDB-4819-BB5D-277986933B69}.Release|Any CPU.Build.0 = Release|Any CPU
		{662EBAC1-1EDB-4819-BB5D-277986933B69}.Release|x64.ActiveCfg = Release|Any CPU
		{662EBAC1-1EDB-4819-BB5D-277986933B69}.Release|x64.Build.0 = Release|Any CPU
		{662EBAC1-1EDB-4819-BB5D-277986933B69}.Release|x86.ActiveCfg = Release|Any CPU
		{662EBAC1-1EDB-4819-BB5D-277986933B69}.Release|x86.Build.0 = Release|Any CPU
		{C255CC52-4C27-48FE-A177-5659B62FBDCB}.Debug|Any CPU.ActiveCfg = Debug|Any CPU
		{C255CC52-4C27-48FE-A177-5659B62FBDCB}.Debug|Any CPU.Build.0 = Debug|Any CPU
		{C255CC52-4C27-48FE-A177-5659B62FBDCB}.Debug|x64.ActiveCfg = Debug|Any CPU
		{C255CC52-4C27-48FE-A177-5659B62FBDCB}.Debug|x64.Build.0 = Debug|Any CPU
		{C255CC52-4C27-48FE-A177-5659B62FBDCB}.Debug|x86.ActiveCfg = Debug|Any CPU
		{C255CC52-4C27-48FE-A177-5659B62FBDCB}.Debug|x86.Build.0 = Debug|Any CPU
		{C255CC52-4C27-48FE-A177-5659B62FBDCB}.Release|Any CPU.ActiveCfg = Release|Any CPU
		{C255CC52-4C27-48FE-A177-5659B62FBDCB}.Release|Any CPU.Build.0 = Release|Any CPU
		{C255CC52-4C27-48FE-A177-5659B62FBDCB}.Release|x64.ActiveCfg = Release|Any CPU
		{C255CC52-4C27-48FE-A177-5659B62FBDCB}.Release|x64.Build.0 = Release|Any CPU
		{C255CC52-4C27-48FE-A177-5659B62FBDCB}.Release|x86.ActiveCfg = Release|Any CPU
		{C255CC52-4C27-48FE-A177-5659B62FBDCB}.Release|x86.Build.0 = Release|Any CPU
		{FF9B8CF1-7B6E-45C3-A3DB-573F0BDBB693}.Debug|Any CPU.ActiveCfg = Debug|Any CPU
		{FF9B8CF1-7B6E-45C3-A3DB-573F0BDBB693}.Debug|Any CPU.Build.0 = Debug|Any CPU
		{FF9B8CF1-7B6E-45C3-A3DB-573F0BDBB693}.Debug|x64.ActiveCfg = Debug|Any CPU
		{FF9B8CF1-7B6E-45C3-A3DB-573F0BDBB693}.Debug|x64.Build.0 = Debug|Any CPU
		{FF9B8CF1-7B6E-45C3-A3DB-573F0BDBB693}.Debug|x86.ActiveCfg = Debug|Any CPU
		{FF9B8CF1-7B6E-45C3-A3DB-573F0BDBB693}.Debug|x86.Build.0 = Debug|Any CPU
		{FF9B8CF1-7B6E-45C3-A3DB-573F0BDBB693}.Release|Any CPU.ActiveCfg = Release|Any CPU
		{FF9B8CF1-7B6E-45C3-A3DB-573F0BDBB693}.Release|Any CPU.Build.0 = Release|Any CPU
		{FF9B8CF1-7B6E-45C3-A3DB-573F0BDBB693}.Release|x64.ActiveCfg = Release|Any CPU
		{FF9B8CF1-7B6E-45C3-A3DB-573F0BDBB693}.Release|x64.Build.0 = Release|Any CPU
		{FF9B8CF1-7B6E-45C3-A3DB-573F0BDBB693}.Release|x86.ActiveCfg = Release|Any CPU
		{FF9B8CF1-7B6E-45C3-A3DB-573F0BDBB693}.Release|x86.Build.0 = Release|Any CPU
		{59E6745E-EECF-48B2-A940-4DF752310F65}.Debug|Any CPU.ActiveCfg = Debug|Any CPU
		{59E6745E-EECF-48B2-A940-4DF752310F65}.Debug|Any CPU.Build.0 = Debug|Any CPU
		{59E6745E-EECF-48B2-A940-4DF752310F65}.Debug|x64.ActiveCfg = Debug|Any CPU
		{59E6745E-EECF-48B2-A940-4DF752310F65}.Debug|x64.Build.0 = Debug|Any CPU
		{59E6745E-EECF-48B2-A940-4DF752310F65}.Debug|x86.ActiveCfg = Debug|Any CPU
		{59E6745E-EECF-48B2-A940-4DF752310F65}.Debug|x86.Build.0 = Debug|Any CPU
		{59E6745E-EECF-48B2-A940-4DF752310F65}.Release|Any CPU.ActiveCfg = Release|Any CPU
		{59E6745E-EECF-48B2-A940-4DF752310F65}.Release|Any CPU.Build.0 = Release|Any CPU
		{59E6745E-EECF-48B2-A940-4DF752310F65}.Release|x64.ActiveCfg = Release|Any CPU
		{59E6745E-EECF-48B2-A940-4DF752310F65}.Release|x64.Build.0 = Release|Any CPU
		{59E6745E-EECF-48B2-A940-4DF752310F65}.Release|x86.ActiveCfg = Release|Any CPU
		{59E6745E-EECF-48B2-A940-4DF752310F65}.Release|x86.Build.0 = Release|Any CPU
		{A1965251-68FA-43C2-8EED-7899769987F4}.Debug|Any CPU.ActiveCfg = Debug|Any CPU
		{A1965251-68FA-43C2-8EED-7899769987F4}.Debug|Any CPU.Build.0 = Debug|Any CPU
		{A1965251-68FA-43C2-8EED-7899769987F4}.Debug|x64.ActiveCfg = Debug|Any CPU
		{A1965251-68FA-43C2-8EED-7899769987F4}.Debug|x64.Build.0 = Debug|Any CPU
		{A1965251-68FA-43C2-8EED-7899769987F4}.Debug|x86.ActiveCfg = Debug|Any CPU
		{A1965251-68FA-43C2-8EED-7899769987F4}.Debug|x86.Build.0 = Debug|Any CPU
		{A1965251-68FA-43C2-8EED-7899769987F4}.Release|Any CPU.ActiveCfg = Release|Any CPU
		{A1965251-68FA-43C2-8EED-7899769987F4}.Release|Any CPU.Build.0 = Release|Any CPU
		{A1965251-68FA-43C2-8EED-7899769987F4}.Release|x64.ActiveCfg = Release|Any CPU
		{A1965251-68FA-43C2-8EED-7899769987F4}.Release|x64.Build.0 = Release|Any CPU
		{A1965251-68FA-43C2-8EED-7899769987F4}.Release|x86.ActiveCfg = Release|Any CPU
		{A1965251-68FA-43C2-8EED-7899769987F4}.Release|x86.Build.0 = Release|Any CPU
		{172A9C3A-ABF2-49D1-92E4-6B772A6842CF}.Debug|Any CPU.ActiveCfg = Debug|Any CPU
		{172A9C3A-ABF2-49D1-92E4-6B772A6842CF}.Debug|Any CPU.Build.0 = Debug|Any CPU
		{172A9C3A-ABF2-49D1-92E4-6B772A6842CF}.Debug|x64.ActiveCfg = Debug|Any CPU
		{172A9C3A-ABF2-49D1-92E4-6B772A6842CF}.Debug|x64.Build.0 = Debug|Any CPU
		{172A9C3A-ABF2-49D1-92E4-6B772A6842CF}.Debug|x86.ActiveCfg = Debug|Any CPU
		{172A9C3A-ABF2-49D1-92E4-6B772A6842CF}.Debug|x86.Build.0 = Debug|Any CPU
		{172A9C3A-ABF2-49D1-92E4-6B772A6842CF}.Release|Any CPU.ActiveCfg = Release|Any CPU
		{172A9C3A-ABF2-49D1-92E4-6B772A6842CF}.Release|Any CPU.Build.0 = Release|Any CPU
		{172A9C3A-ABF2-49D1-92E4-6B772A6842CF}.Release|x64.ActiveCfg = Release|Any CPU
		{172A9C3A-ABF2-49D1-92E4-6B772A6842CF}.Release|x64.Build.0 = Release|Any CPU
		{172A9C3A-ABF2-49D1-92E4-6B772A6842CF}.Release|x86.ActiveCfg = Release|Any CPU
		{172A9C3A-ABF2-49D1-92E4-6B772A6842CF}.Release|x86.Build.0 = Release|Any CPU
		{DDDAC7A3-37C0-4AEF-B2A1-394EC24B4F19}.Debug|Any CPU.ActiveCfg = Debug|Any CPU
		{DDDAC7A3-37C0-4AEF-B2A1-394EC24B4F19}.Debug|Any CPU.Build.0 = Debug|Any CPU
		{DDDAC7A3-37C0-4AEF-B2A1-394EC24B4F19}.Debug|x64.ActiveCfg = Debug|Any CPU
		{DDDAC7A3-37C0-4AEF-B2A1-394EC24B4F19}.Debug|x64.Build.0 = Debug|Any CPU
		{DDDAC7A3-37C0-4AEF-B2A1-394EC24B4F19}.Debug|x86.ActiveCfg = Debug|Any CPU
		{DDDAC7A3-37C0-4AEF-B2A1-394EC24B4F19}.Debug|x86.Build.0 = Debug|Any CPU
		{DDDAC7A3-37C0-4AEF-B2A1-394EC24B4F19}.Release|Any CPU.ActiveCfg = Release|Any CPU
		{DDDAC7A3-37C0-4AEF-B2A1-394EC24B4F19}.Release|Any CPU.Build.0 = Release|Any CPU
		{DDDAC7A3-37C0-4AEF-B2A1-394EC24B4F19}.Release|x64.ActiveCfg = Release|Any CPU
		{DDDAC7A3-37C0-4AEF-B2A1-394EC24B4F19}.Release|x64.Build.0 = Release|Any CPU
		{DDDAC7A3-37C0-4AEF-B2A1-394EC24B4F19}.Release|x86.ActiveCfg = Release|Any CPU
		{DDDAC7A3-37C0-4AEF-B2A1-394EC24B4F19}.Release|x86.Build.0 = Release|Any CPU
		{268C328F-FC13-40DA-A582-49AC0448AE89}.Debug|Any CPU.ActiveCfg = Debug|Any CPU
		{268C328F-FC13-40DA-A582-49AC0448AE89}.Debug|Any CPU.Build.0 = Debug|Any CPU
		{268C328F-FC13-40DA-A582-49AC0448AE89}.Debug|x64.ActiveCfg = Debug|Any CPU
		{268C328F-FC13-40DA-A582-49AC0448AE89}.Debug|x64.Build.0 = Debug|Any CPU
		{268C328F-FC13-40DA-A582-49AC0448AE89}.Debug|x86.ActiveCfg = Debug|Any CPU
		{268C328F-FC13-40DA-A582-49AC0448AE89}.Debug|x86.Build.0 = Debug|Any CPU
		{268C328F-FC13-40DA-A582-49AC0448AE89}.Release|Any CPU.ActiveCfg = Release|Any CPU
		{268C328F-FC13-40DA-A582-49AC0448AE89}.Release|Any CPU.Build.0 = Release|Any CPU
		{268C328F-FC13-40DA-A582-49AC0448AE89}.Release|x64.ActiveCfg = Release|Any CPU
		{268C328F-FC13-40DA-A582-49AC0448AE89}.Release|x64.Build.0 = Release|Any CPU
		{268C328F-FC13-40DA-A582-49AC0448AE89}.Release|x86.ActiveCfg = Release|Any CPU
		{268C328F-FC13-40DA-A582-49AC0448AE89}.Release|x86.Build.0 = Release|Any CPU
		{9364EC22-1488-484D-8F46-641AD4FDEE06}.Debug|Any CPU.ActiveCfg = Debug|Any CPU
		{9364EC22-1488-484D-8F46-641AD4FDEE06}.Debug|Any CPU.Build.0 = Debug|Any CPU
		{9364EC22-1488-484D-8F46-641AD4FDEE06}.Debug|x64.ActiveCfg = Debug|Any CPU
		{9364EC22-1488-484D-8F46-641AD4FDEE06}.Debug|x64.Build.0 = Debug|Any CPU
		{9364EC22-1488-484D-8F46-641AD4FDEE06}.Debug|x86.ActiveCfg = Debug|Any CPU
		{9364EC22-1488-484D-8F46-641AD4FDEE06}.Debug|x86.Build.0 = Debug|Any CPU
		{9364EC22-1488-484D-8F46-641AD4FDEE06}.Release|Any CPU.ActiveCfg = Release|Any CPU
		{9364EC22-1488-484D-8F46-641AD4FDEE06}.Release|Any CPU.Build.0 = Release|Any CPU
		{9364EC22-1488-484D-8F46-641AD4FDEE06}.Release|x64.ActiveCfg = Release|Any CPU
		{9364EC22-1488-484D-8F46-641AD4FDEE06}.Release|x64.Build.0 = Release|Any CPU
		{9364EC22-1488-484D-8F46-641AD4FDEE06}.Release|x86.ActiveCfg = Release|Any CPU
		{9364EC22-1488-484D-8F46-641AD4FDEE06}.Release|x86.Build.0 = Release|Any CPU
		{052A1814-C2D6-4075-92A4-68F957691CBB}.Debug|Any CPU.ActiveCfg = Debug|Any CPU
		{052A1814-C2D6-4075-92A4-68F957691CBB}.Debug|Any CPU.Build.0 = Debug|Any CPU
		{052A1814-C2D6-4075-92A4-68F957691CBB}.Debug|x64.ActiveCfg = Debug|Any CPU
		{052A1814-C2D6-4075-92A4-68F957691CBB}.Debug|x64.Build.0 = Debug|Any CPU
		{052A1814-C2D6-4075-92A4-68F957691CBB}.Debug|x86.ActiveCfg = Debug|Any CPU
		{052A1814-C2D6-4075-92A4-68F957691CBB}.Debug|x86.Build.0 = Debug|Any CPU
		{052A1814-C2D6-4075-92A4-68F957691CBB}.Release|Any CPU.ActiveCfg = Release|Any CPU
		{052A1814-C2D6-4075-92A4-68F957691CBB}.Release|Any CPU.Build.0 = Release|Any CPU
		{052A1814-C2D6-4075-92A4-68F957691CBB}.Release|x64.ActiveCfg = Release|Any CPU
		{052A1814-C2D6-4075-92A4-68F957691CBB}.Release|x64.Build.0 = Release|Any CPU
		{052A1814-C2D6-4075-92A4-68F957691CBB}.Release|x86.ActiveCfg = Release|Any CPU
		{052A1814-C2D6-4075-92A4-68F957691CBB}.Release|x86.Build.0 = Release|Any CPU
		{73E59157-E580-4FEA-80CC-1147F9F3A91C}.Debug|Any CPU.ActiveCfg = Debug|Any CPU
		{73E59157-E580-4FEA-80CC-1147F9F3A91C}.Debug|Any CPU.Build.0 = Debug|Any CPU
		{73E59157-E580-4FEA-80CC-1147F9F3A91C}.Debug|x64.ActiveCfg = Debug|Any CPU
		{73E59157-E580-4FEA-80CC-1147F9F3A91C}.Debug|x64.Build.0 = Debug|Any CPU
		{73E59157-E580-4FEA-80CC-1147F9F3A91C}.Debug|x86.ActiveCfg = Debug|Any CPU
		{73E59157-E580-4FEA-80CC-1147F9F3A91C}.Debug|x86.Build.0 = Debug|Any CPU
		{73E59157-E580-4FEA-80CC-1147F9F3A91C}.Release|Any CPU.ActiveCfg = Release|Any CPU
		{73E59157-E580-4FEA-80CC-1147F9F3A91C}.Release|Any CPU.Build.0 = Release|Any CPU
		{73E59157-E580-4FEA-80CC-1147F9F3A91C}.Release|x64.ActiveCfg = Release|Any CPU
		{73E59157-E580-4FEA-80CC-1147F9F3A91C}.Release|x64.Build.0 = Release|Any CPU
		{73E59157-E580-4FEA-80CC-1147F9F3A91C}.Release|x86.ActiveCfg = Release|Any CPU
		{73E59157-E580-4FEA-80CC-1147F9F3A91C}.Release|x86.Build.0 = Release|Any CPU
		{44CBBDF0-2053-40D2-A4D0-1EF1C0EC6458}.Debug|Any CPU.ActiveCfg = Debug|Any CPU
		{44CBBDF0-2053-40D2-A4D0-1EF1C0EC6458}.Debug|Any CPU.Build.0 = Debug|Any CPU
		{44CBBDF0-2053-40D2-A4D0-1EF1C0EC6458}.Debug|x64.ActiveCfg = Debug|Any CPU
		{44CBBDF0-2053-40D2-A4D0-1EF1C0EC6458}.Debug|x64.Build.0 = Debug|Any CPU
		{44CBBDF0-2053-40D2-A4D0-1EF1C0EC6458}.Debug|x86.ActiveCfg = Debug|Any CPU
		{44CBBDF0-2053-40D2-A4D0-1EF1C0EC6458}.Debug|x86.Build.0 = Debug|Any CPU
		{44CBBDF0-2053-40D2-A4D0-1EF1C0EC6458}.Release|Any CPU.ActiveCfg = Release|Any CPU
		{44CBBDF0-2053-40D2-A4D0-1EF1C0EC6458}.Release|Any CPU.Build.0 = Release|Any CPU
		{44CBBDF0-2053-40D2-A4D0-1EF1C0EC6458}.Release|x64.ActiveCfg = Release|Any CPU
		{44CBBDF0-2053-40D2-A4D0-1EF1C0EC6458}.Release|x64.Build.0 = Release|Any CPU
		{44CBBDF0-2053-40D2-A4D0-1EF1C0EC6458}.Release|x86.ActiveCfg = Release|Any CPU
		{44CBBDF0-2053-40D2-A4D0-1EF1C0EC6458}.Release|x86.Build.0 = Release|Any CPU
		{DD30B52F-B58B-4413-A7D4-E1E0164CB9CA}.Debug|Any CPU.ActiveCfg = Debug|Any CPU
		{DD30B52F-B58B-4413-A7D4-E1E0164CB9CA}.Debug|Any CPU.Build.0 = Debug|Any CPU
		{DD30B52F-B58B-4413-A7D4-E1E0164CB9CA}.Debug|x64.ActiveCfg = Debug|Any CPU
		{DD30B52F-B58B-4413-A7D4-E1E0164CB9CA}.Debug|x64.Build.0 = Debug|Any CPU
		{DD30B52F-B58B-4413-A7D4-E1E0164CB9CA}.Debug|x86.ActiveCfg = Debug|Any CPU
		{DD30B52F-B58B-4413-A7D4-E1E0164CB9CA}.Debug|x86.Build.0 = Debug|Any CPU
		{DD30B52F-B58B-4413-A7D4-E1E0164CB9CA}.Release|Any CPU.ActiveCfg = Release|Any CPU
		{DD30B52F-B58B-4413-A7D4-E1E0164CB9CA}.Release|Any CPU.Build.0 = Release|Any CPU
		{DD30B52F-B58B-4413-A7D4-E1E0164CB9CA}.Release|x64.ActiveCfg = Release|Any CPU
		{DD30B52F-B58B-4413-A7D4-E1E0164CB9CA}.Release|x64.Build.0 = Release|Any CPU
		{DD30B52F-B58B-4413-A7D4-E1E0164CB9CA}.Release|x86.ActiveCfg = Release|Any CPU
		{DD30B52F-B58B-4413-A7D4-E1E0164CB9CA}.Release|x86.Build.0 = Release|Any CPU
		{A0AFB69C-18E8-439A-BB83-AD4B9EF82E84}.Debug|Any CPU.ActiveCfg = Debug|Any CPU
		{A0AFB69C-18E8-439A-BB83-AD4B9EF82E84}.Debug|Any CPU.Build.0 = Debug|Any CPU
		{A0AFB69C-18E8-439A-BB83-AD4B9EF82E84}.Debug|x64.ActiveCfg = Debug|Any CPU
		{A0AFB69C-18E8-439A-BB83-AD4B9EF82E84}.Debug|x64.Build.0 = Debug|Any CPU
		{A0AFB69C-18E8-439A-BB83-AD4B9EF82E84}.Debug|x86.ActiveCfg = Debug|Any CPU
		{A0AFB69C-18E8-439A-BB83-AD4B9EF82E84}.Debug|x86.Build.0 = Debug|Any CPU
		{A0AFB69C-18E8-439A-BB83-AD4B9EF82E84}.Release|Any CPU.ActiveCfg = Release|Any CPU
		{A0AFB69C-18E8-439A-BB83-AD4B9EF82E84}.Release|Any CPU.Build.0 = Release|Any CPU
		{A0AFB69C-18E8-439A-BB83-AD4B9EF82E84}.Release|x64.ActiveCfg = Release|Any CPU
		{A0AFB69C-18E8-439A-BB83-AD4B9EF82E84}.Release|x64.Build.0 = Release|Any CPU
		{A0AFB69C-18E8-439A-BB83-AD4B9EF82E84}.Release|x86.ActiveCfg = Release|Any CPU
		{A0AFB69C-18E8-439A-BB83-AD4B9EF82E84}.Release|x86.Build.0 = Release|Any CPU
		{73419F1B-689B-439E-8F19-58B7129E3203}.Debug|Any CPU.ActiveCfg = Debug|Any CPU
		{73419F1B-689B-439E-8F19-58B7129E3203}.Debug|Any CPU.Build.0 = Debug|Any CPU
		{73419F1B-689B-439E-8F19-58B7129E3203}.Debug|x64.ActiveCfg = Debug|Any CPU
		{73419F1B-689B-439E-8F19-58B7129E3203}.Debug|x64.Build.0 = Debug|Any CPU
		{73419F1B-689B-439E-8F19-58B7129E3203}.Debug|x86.ActiveCfg = Debug|Any CPU
		{73419F1B-689B-439E-8F19-58B7129E3203}.Debug|x86.Build.0 = Debug|Any CPU
		{73419F1B-689B-439E-8F19-58B7129E3203}.Release|Any CPU.ActiveCfg = Release|Any CPU
		{73419F1B-689B-439E-8F19-58B7129E3203}.Release|Any CPU.Build.0 = Release|Any CPU
		{73419F1B-689B-439E-8F19-58B7129E3203}.Release|x64.ActiveCfg = Release|Any CPU
		{73419F1B-689B-439E-8F19-58B7129E3203}.Release|x64.Build.0 = Release|Any CPU
		{73419F1B-689B-439E-8F19-58B7129E3203}.Release|x86.ActiveCfg = Release|Any CPU
		{73419F1B-689B-439E-8F19-58B7129E3203}.Release|x86.Build.0 = Release|Any CPU
		{24166B48-2CFF-4BA8-B4C0-2266E06CA73C}.Debug|Any CPU.ActiveCfg = Debug|Any CPU
		{24166B48-2CFF-4BA8-B4C0-2266E06CA73C}.Debug|Any CPU.Build.0 = Debug|Any CPU
		{24166B48-2CFF-4BA8-B4C0-2266E06CA73C}.Debug|x64.ActiveCfg = Debug|Any CPU
		{24166B48-2CFF-4BA8-B4C0-2266E06CA73C}.Debug|x64.Build.0 = Debug|Any CPU
		{24166B48-2CFF-4BA8-B4C0-2266E06CA73C}.Debug|x86.ActiveCfg = Debug|Any CPU
		{24166B48-2CFF-4BA8-B4C0-2266E06CA73C}.Debug|x86.Build.0 = Debug|Any CPU
		{24166B48-2CFF-4BA8-B4C0-2266E06CA73C}.Release|Any CPU.ActiveCfg = Release|Any CPU
		{24166B48-2CFF-4BA8-B4C0-2266E06CA73C}.Release|Any CPU.Build.0 = Release|Any CPU
		{24166B48-2CFF-4BA8-B4C0-2266E06CA73C}.Release|x64.ActiveCfg = Release|Any CPU
		{24166B48-2CFF-4BA8-B4C0-2266E06CA73C}.Release|x64.Build.0 = Release|Any CPU
		{24166B48-2CFF-4BA8-B4C0-2266E06CA73C}.Release|x86.ActiveCfg = Release|Any CPU
		{24166B48-2CFF-4BA8-B4C0-2266E06CA73C}.Release|x86.Build.0 = Release|Any CPU
		{1F91DA3B-EE92-43E9-B753-FD2ECD8E5D31}.Debug|Any CPU.ActiveCfg = Debug|Any CPU
		{1F91DA3B-EE92-43E9-B753-FD2ECD8E5D31}.Debug|Any CPU.Build.0 = Debug|Any CPU
		{1F91DA3B-EE92-43E9-B753-FD2ECD8E5D31}.Debug|x64.ActiveCfg = Debug|Any CPU
		{1F91DA3B-EE92-43E9-B753-FD2ECD8E5D31}.Debug|x64.Build.0 = Debug|Any CPU
		{1F91DA3B-EE92-43E9-B753-FD2ECD8E5D31}.Debug|x86.ActiveCfg = Debug|Any CPU
		{1F91DA3B-EE92-43E9-B753-FD2ECD8E5D31}.Debug|x86.Build.0 = Debug|Any CPU
		{1F91DA3B-EE92-43E9-B753-FD2ECD8E5D31}.Release|Any CPU.ActiveCfg = Release|Any CPU
		{1F91DA3B-EE92-43E9-B753-FD2ECD8E5D31}.Release|Any CPU.Build.0 = Release|Any CPU
		{1F91DA3B-EE92-43E9-B753-FD2ECD8E5D31}.Release|x64.ActiveCfg = Release|Any CPU
		{1F91DA3B-EE92-43E9-B753-FD2ECD8E5D31}.Release|x64.Build.0 = Release|Any CPU
		{1F91DA3B-EE92-43E9-B753-FD2ECD8E5D31}.Release|x86.ActiveCfg = Release|Any CPU
		{1F91DA3B-EE92-43E9-B753-FD2ECD8E5D31}.Release|x86.Build.0 = Release|Any CPU
		{536F6E6E-3E9E-484F-94CB-0FDA88E811CC}.Debug|Any CPU.ActiveCfg = Debug|Any CPU
		{536F6E6E-3E9E-484F-94CB-0FDA88E811CC}.Debug|Any CPU.Build.0 = Debug|Any CPU
		{536F6E6E-3E9E-484F-94CB-0FDA88E811CC}.Debug|x64.ActiveCfg = Debug|Any CPU
		{536F6E6E-3E9E-484F-94CB-0FDA88E811CC}.Debug|x64.Build.0 = Debug|Any CPU
		{536F6E6E-3E9E-484F-94CB-0FDA88E811CC}.Debug|x86.ActiveCfg = Debug|Any CPU
		{536F6E6E-3E9E-484F-94CB-0FDA88E811CC}.Debug|x86.Build.0 = Debug|Any CPU
		{536F6E6E-3E9E-484F-94CB-0FDA88E811CC}.Release|Any CPU.ActiveCfg = Release|Any CPU
		{536F6E6E-3E9E-484F-94CB-0FDA88E811CC}.Release|Any CPU.Build.0 = Release|Any CPU
		{536F6E6E-3E9E-484F-94CB-0FDA88E811CC}.Release|x64.ActiveCfg = Release|Any CPU
		{536F6E6E-3E9E-484F-94CB-0FDA88E811CC}.Release|x64.Build.0 = Release|Any CPU
		{536F6E6E-3E9E-484F-94CB-0FDA88E811CC}.Release|x86.ActiveCfg = Release|Any CPU
		{536F6E6E-3E9E-484F-94CB-0FDA88E811CC}.Release|x86.Build.0 = Release|Any CPU
		{59A1B451-F154-477B-9278-D17E5DBE5D54}.Debug|Any CPU.ActiveCfg = Debug|Any CPU
		{59A1B451-F154-477B-9278-D17E5DBE5D54}.Debug|Any CPU.Build.0 = Debug|Any CPU
		{59A1B451-F154-477B-9278-D17E5DBE5D54}.Debug|x64.ActiveCfg = Debug|Any CPU
		{59A1B451-F154-477B-9278-D17E5DBE5D54}.Debug|x64.Build.0 = Debug|Any CPU
		{59A1B451-F154-477B-9278-D17E5DBE5D54}.Debug|x86.ActiveCfg = Debug|Any CPU
		{59A1B451-F154-477B-9278-D17E5DBE5D54}.Debug|x86.Build.0 = Debug|Any CPU
		{59A1B451-F154-477B-9278-D17E5DBE5D54}.Release|Any CPU.ActiveCfg = Release|Any CPU
		{59A1B451-F154-477B-9278-D17E5DBE5D54}.Release|Any CPU.Build.0 = Release|Any CPU
		{59A1B451-F154-477B-9278-D17E5DBE5D54}.Release|x64.ActiveCfg = Release|Any CPU
		{59A1B451-F154-477B-9278-D17E5DBE5D54}.Release|x64.Build.0 = Release|Any CPU
		{59A1B451-F154-477B-9278-D17E5DBE5D54}.Release|x86.ActiveCfg = Release|Any CPU
		{59A1B451-F154-477B-9278-D17E5DBE5D54}.Release|x86.Build.0 = Release|Any CPU
		{87F97126-99EA-4BC8-8D40-DAF0D23B454E}.Debug|Any CPU.ActiveCfg = Debug|Any CPU
		{87F97126-99EA-4BC8-8D40-DAF0D23B454E}.Debug|Any CPU.Build.0 = Debug|Any CPU
		{87F97126-99EA-4BC8-8D40-DAF0D23B454E}.Debug|x64.ActiveCfg = Debug|Any CPU
		{87F97126-99EA-4BC8-8D40-DAF0D23B454E}.Debug|x64.Build.0 = Debug|Any CPU
		{87F97126-99EA-4BC8-8D40-DAF0D23B454E}.Debug|x86.ActiveCfg = Debug|Any CPU
		{87F97126-99EA-4BC8-8D40-DAF0D23B454E}.Debug|x86.Build.0 = Debug|Any CPU
		{87F97126-99EA-4BC8-8D40-DAF0D23B454E}.Release|Any CPU.ActiveCfg = Release|Any CPU
		{87F97126-99EA-4BC8-8D40-DAF0D23B454E}.Release|Any CPU.Build.0 = Release|Any CPU
		{87F97126-99EA-4BC8-8D40-DAF0D23B454E}.Release|x64.ActiveCfg = Release|Any CPU
		{87F97126-99EA-4BC8-8D40-DAF0D23B454E}.Release|x64.Build.0 = Release|Any CPU
		{87F97126-99EA-4BC8-8D40-DAF0D23B454E}.Release|x86.ActiveCfg = Release|Any CPU
		{87F97126-99EA-4BC8-8D40-DAF0D23B454E}.Release|x86.Build.0 = Release|Any CPU
		{76EA52E0-4C5A-4EFA-95CF-103E06252396}.Debug|Any CPU.ActiveCfg = Debug|Any CPU
		{76EA52E0-4C5A-4EFA-95CF-103E06252396}.Debug|Any CPU.Build.0 = Debug|Any CPU
		{76EA52E0-4C5A-4EFA-95CF-103E06252396}.Debug|x64.ActiveCfg = Debug|Any CPU
		{76EA52E0-4C5A-4EFA-95CF-103E06252396}.Debug|x64.Build.0 = Debug|Any CPU
		{76EA52E0-4C5A-4EFA-95CF-103E06252396}.Debug|x86.ActiveCfg = Debug|Any CPU
		{76EA52E0-4C5A-4EFA-95CF-103E06252396}.Debug|x86.Build.0 = Debug|Any CPU
		{76EA52E0-4C5A-4EFA-95CF-103E06252396}.Release|Any CPU.ActiveCfg = Release|Any CPU
		{76EA52E0-4C5A-4EFA-95CF-103E06252396}.Release|Any CPU.Build.0 = Release|Any CPU
		{76EA52E0-4C5A-4EFA-95CF-103E06252396}.Release|x64.ActiveCfg = Release|Any CPU
		{76EA52E0-4C5A-4EFA-95CF-103E06252396}.Release|x64.Build.0 = Release|Any CPU
		{76EA52E0-4C5A-4EFA-95CF-103E06252396}.Release|x86.ActiveCfg = Release|Any CPU
		{76EA52E0-4C5A-4EFA-95CF-103E06252396}.Release|x86.Build.0 = Release|Any CPU
		{D52BB0B1-73BD-493C-8654-E79C457DDE46}.Debug|Any CPU.ActiveCfg = Debug|Any CPU
		{D52BB0B1-73BD-493C-8654-E79C457DDE46}.Debug|Any CPU.Build.0 = Debug|Any CPU
		{D52BB0B1-73BD-493C-8654-E79C457DDE46}.Debug|x64.ActiveCfg = Debug|Any CPU
		{D52BB0B1-73BD-493C-8654-E79C457DDE46}.Debug|x64.Build.0 = Debug|Any CPU
		{D52BB0B1-73BD-493C-8654-E79C457DDE46}.Debug|x86.ActiveCfg = Debug|Any CPU
		{D52BB0B1-73BD-493C-8654-E79C457DDE46}.Debug|x86.Build.0 = Debug|Any CPU
		{D52BB0B1-73BD-493C-8654-E79C457DDE46}.Release|Any CPU.ActiveCfg = Release|Any CPU
		{D52BB0B1-73BD-493C-8654-E79C457DDE46}.Release|Any CPU.Build.0 = Release|Any CPU
		{D52BB0B1-73BD-493C-8654-E79C457DDE46}.Release|x64.ActiveCfg = Release|Any CPU
		{D52BB0B1-73BD-493C-8654-E79C457DDE46}.Release|x64.Build.0 = Release|Any CPU
		{D52BB0B1-73BD-493C-8654-E79C457DDE46}.Release|x86.ActiveCfg = Release|Any CPU
		{D52BB0B1-73BD-493C-8654-E79C457DDE46}.Release|x86.Build.0 = Release|Any CPU
		{C1B99A73-0DBC-40DA-8203-D2F5E29A98EC}.Debug|Any CPU.ActiveCfg = Debug|Any CPU
		{C1B99A73-0DBC-40DA-8203-D2F5E29A98EC}.Debug|Any CPU.Build.0 = Debug|Any CPU
		{C1B99A73-0DBC-40DA-8203-D2F5E29A98EC}.Debug|x64.ActiveCfg = Debug|Any CPU
		{C1B99A73-0DBC-40DA-8203-D2F5E29A98EC}.Debug|x64.Build.0 = Debug|Any CPU
		{C1B99A73-0DBC-40DA-8203-D2F5E29A98EC}.Debug|x86.ActiveCfg = Debug|Any CPU
		{C1B99A73-0DBC-40DA-8203-D2F5E29A98EC}.Debug|x86.Build.0 = Debug|Any CPU
		{C1B99A73-0DBC-40DA-8203-D2F5E29A98EC}.Release|Any CPU.ActiveCfg = Release|Any CPU
		{C1B99A73-0DBC-40DA-8203-D2F5E29A98EC}.Release|Any CPU.Build.0 = Release|Any CPU
		{C1B99A73-0DBC-40DA-8203-D2F5E29A98EC}.Release|x64.ActiveCfg = Release|Any CPU
		{C1B99A73-0DBC-40DA-8203-D2F5E29A98EC}.Release|x64.Build.0 = Release|Any CPU
		{C1B99A73-0DBC-40DA-8203-D2F5E29A98EC}.Release|x86.ActiveCfg = Release|Any CPU
		{C1B99A73-0DBC-40DA-8203-D2F5E29A98EC}.Release|x86.Build.0 = Release|Any CPU
		{954622F2-B7C7-4753-AD53-91C5D306E056}.Debug|Any CPU.ActiveCfg = Debug|Any CPU
		{954622F2-B7C7-4753-AD53-91C5D306E056}.Debug|Any CPU.Build.0 = Debug|Any CPU
		{954622F2-B7C7-4753-AD53-91C5D306E056}.Debug|x64.ActiveCfg = Debug|Any CPU
		{954622F2-B7C7-4753-AD53-91C5D306E056}.Debug|x64.Build.0 = Debug|Any CPU
		{954622F2-B7C7-4753-AD53-91C5D306E056}.Debug|x86.ActiveCfg = Debug|Any CPU
		{954622F2-B7C7-4753-AD53-91C5D306E056}.Debug|x86.Build.0 = Debug|Any CPU
		{954622F2-B7C7-4753-AD53-91C5D306E056}.Release|Any CPU.ActiveCfg = Release|Any CPU
		{954622F2-B7C7-4753-AD53-91C5D306E056}.Release|Any CPU.Build.0 = Release|Any CPU
		{954622F2-B7C7-4753-AD53-91C5D306E056}.Release|x64.ActiveCfg = Release|Any CPU
		{954622F2-B7C7-4753-AD53-91C5D306E056}.Release|x64.Build.0 = Release|Any CPU
		{954622F2-B7C7-4753-AD53-91C5D306E056}.Release|x86.ActiveCfg = Release|Any CPU
		{954622F2-B7C7-4753-AD53-91C5D306E056}.Release|x86.Build.0 = Release|Any CPU
		{B965425E-47F7-49C3-A8E0-70669C589961}.Debug|Any CPU.ActiveCfg = Debug|Any CPU
		{B965425E-47F7-49C3-A8E0-70669C589961}.Debug|Any CPU.Build.0 = Debug|Any CPU
		{B965425E-47F7-49C3-A8E0-70669C589961}.Debug|x64.ActiveCfg = Debug|Any CPU
		{B965425E-47F7-49C3-A8E0-70669C589961}.Debug|x64.Build.0 = Debug|Any CPU
		{B965425E-47F7-49C3-A8E0-70669C589961}.Debug|x86.ActiveCfg = Debug|Any CPU
		{B965425E-47F7-49C3-A8E0-70669C589961}.Debug|x86.Build.0 = Debug|Any CPU
		{B965425E-47F7-49C3-A8E0-70669C589961}.Release|Any CPU.ActiveCfg = Release|Any CPU
		{B965425E-47F7-49C3-A8E0-70669C589961}.Release|Any CPU.Build.0 = Release|Any CPU
		{B965425E-47F7-49C3-A8E0-70669C589961}.Release|x64.ActiveCfg = Release|Any CPU
		{B965425E-47F7-49C3-A8E0-70669C589961}.Release|x64.Build.0 = Release|Any CPU
		{B965425E-47F7-49C3-A8E0-70669C589961}.Release|x86.ActiveCfg = Release|Any CPU
		{B965425E-47F7-49C3-A8E0-70669C589961}.Release|x86.Build.0 = Release|Any CPU
		{C2E00E17-6491-4EA7-A477-803D36DB1151}.Debug|Any CPU.ActiveCfg = Debug|Any CPU
		{C2E00E17-6491-4EA7-A477-803D36DB1151}.Debug|Any CPU.Build.0 = Debug|Any CPU
		{C2E00E17-6491-4EA7-A477-803D36DB1151}.Debug|x64.ActiveCfg = Debug|Any CPU
		{C2E00E17-6491-4EA7-A477-803D36DB1151}.Debug|x64.Build.0 = Debug|Any CPU
		{C2E00E17-6491-4EA7-A477-803D36DB1151}.Debug|x86.ActiveCfg = Debug|Any CPU
		{C2E00E17-6491-4EA7-A477-803D36DB1151}.Debug|x86.Build.0 = Debug|Any CPU
		{C2E00E17-6491-4EA7-A477-803D36DB1151}.Release|Any CPU.ActiveCfg = Release|Any CPU
		{C2E00E17-6491-4EA7-A477-803D36DB1151}.Release|Any CPU.Build.0 = Release|Any CPU
		{C2E00E17-6491-4EA7-A477-803D36DB1151}.Release|x64.ActiveCfg = Release|Any CPU
		{C2E00E17-6491-4EA7-A477-803D36DB1151}.Release|x64.Build.0 = Release|Any CPU
		{C2E00E17-6491-4EA7-A477-803D36DB1151}.Release|x86.ActiveCfg = Release|Any CPU
		{C2E00E17-6491-4EA7-A477-803D36DB1151}.Release|x86.Build.0 = Release|Any CPU
		{76883534-BAD4-4686-9199-B72DE4FEC5A9}.Debug|Any CPU.ActiveCfg = Debug|Any CPU
		{76883534-BAD4-4686-9199-B72DE4FEC5A9}.Debug|Any CPU.Build.0 = Debug|Any CPU
		{76883534-BAD4-4686-9199-B72DE4FEC5A9}.Debug|x64.ActiveCfg = Debug|Any CPU
		{76883534-BAD4-4686-9199-B72DE4FEC5A9}.Debug|x64.Build.0 = Debug|Any CPU
		{76883534-BAD4-4686-9199-B72DE4FEC5A9}.Debug|x86.ActiveCfg = Debug|Any CPU
		{76883534-BAD4-4686-9199-B72DE4FEC5A9}.Debug|x86.Build.0 = Debug|Any CPU
		{76883534-BAD4-4686-9199-B72DE4FEC5A9}.Release|Any CPU.ActiveCfg = Release|Any CPU
		{76883534-BAD4-4686-9199-B72DE4FEC5A9}.Release|Any CPU.Build.0 = Release|Any CPU
		{76883534-BAD4-4686-9199-B72DE4FEC5A9}.Release|x64.ActiveCfg = Release|Any CPU
		{76883534-BAD4-4686-9199-B72DE4FEC5A9}.Release|x64.Build.0 = Release|Any CPU
		{76883534-BAD4-4686-9199-B72DE4FEC5A9}.Release|x86.ActiveCfg = Release|Any CPU
		{76883534-BAD4-4686-9199-B72DE4FEC5A9}.Release|x86.Build.0 = Release|Any CPU
	EndGlobalSection
	GlobalSection(SolutionProperties) = preSolution
		HideSolutionNode = FALSE
	EndGlobalSection
	GlobalSection(NestedProjects) = preSolution
		{C8E42992-5E42-0C2B-DBFE-AA848D06431C} = {827E0CD3-B72D-47B6-A68D-7590B98EB39B}
		{34BD7B8B-BDBE-4604-814B-3F9C8B4A338A} = {C8E42992-5E42-0C2B-DBFE-AA848D06431C}
		{E8605ED2-5F2B-4F0D-9209-95BEA148F244} = {C8E42992-5E42-0C2B-DBFE-AA848D06431C}
		{F3146427-F926-4666-B2FD-BA6F2730F6DE} = {C8E42992-5E42-0C2B-DBFE-AA848D06431C}
		{08B5CD63-4522-4594-A615-E0732240AC13} = {C8E42992-5E42-0C2B-DBFE-AA848D06431C}
		{561182D5-3986-40F6-89EB-D46018136D4A} = {C8E42992-5E42-0C2B-DBFE-AA848D06431C}
		{B76F4CF0-97B6-4A0B-8D51-922B6C8B22FC} = {C8E42992-5E42-0C2B-DBFE-AA848D06431C}
		{98EE7666-1FB2-4619-9878-B18742C462E7} = {C8E42992-5E42-0C2B-DBFE-AA848D06431C}
		{984BB9B3-3FA3-BE33-9484-CAC21695A33C} = {827E0CD3-B72D-47B6-A68D-7590B98EB39B}
		{4137BF28-B899-3035-DC87-9BA2D48E7A87} = {984BB9B3-3FA3-BE33-9484-CAC21695A33C}
		{6A3B96F4-F4D6-4E02-AE89-4160ACA5DECA} = {4137BF28-B899-3035-DC87-9BA2D48E7A87}
		{4E959BC5-9D18-4D8C-916F-D67E0E1EBA86} = {4137BF28-B899-3035-DC87-9BA2D48E7A87}
		{1B860702-2BF8-4FFB-9289-3BFBBF861141} = {4137BF28-B899-3035-DC87-9BA2D48E7A87}
		{662EBAC1-1EDB-4819-BB5D-277986933B69} = {4137BF28-B899-3035-DC87-9BA2D48E7A87}
		{C255CC52-4C27-48FE-A177-5659B62FBDCB} = {4137BF28-B899-3035-DC87-9BA2D48E7A87}
		{FF9B8CF1-7B6E-45C3-A3DB-573F0BDBB693} = {4137BF28-B899-3035-DC87-9BA2D48E7A87}
		{59E6745E-EECF-48B2-A940-4DF752310F65} = {4137BF28-B899-3035-DC87-9BA2D48E7A87}
		{A1965251-68FA-43C2-8EED-7899769987F4} = {4137BF28-B899-3035-DC87-9BA2D48E7A87}
		{CCB037B1-8887-5A16-D510-C5142074CF12} = {984BB9B3-3FA3-BE33-9484-CAC21695A33C}
		{172A9C3A-ABF2-49D1-92E4-6B772A6842CF} = {CCB037B1-8887-5A16-D510-C5142074CF12}
		{DDDAC7A3-37C0-4AEF-B2A1-394EC24B4F19} = {CCB037B1-8887-5A16-D510-C5142074CF12}
		{268C328F-FC13-40DA-A582-49AC0448AE89} = {CCB037B1-8887-5A16-D510-C5142074CF12}
		{9364EC22-1488-484D-8F46-641AD4FDEE06} = {CCB037B1-8887-5A16-D510-C5142074CF12}
		{34247D33-538F-476A-0B4F-0582143C30EE} = {0AB3BF05-4346-4AA6-1389-037BE0695223}
		{052A1814-C2D6-4075-92A4-68F957691CBB} = {34247D33-538F-476A-0B4F-0582143C30EE}
		{44926F06-90B6-0D89-49E2-F6DD77DAA27E} = {984BB9B3-3FA3-BE33-9484-CAC21695A33C}
		{73E59157-E580-4FEA-80CC-1147F9F3A91C} = {44926F06-90B6-0D89-49E2-F6DD77DAA27E}
		{44CBBDF0-2053-40D2-A4D0-1EF1C0EC6458} = {44926F06-90B6-0D89-49E2-F6DD77DAA27E}
		{DD30B52F-B58B-4413-A7D4-E1E0164CB9CA} = {44926F06-90B6-0D89-49E2-F6DD77DAA27E}
		{A0AFB69C-18E8-439A-BB83-AD4B9EF82E84} = {44926F06-90B6-0D89-49E2-F6DD77DAA27E}
		{C5FBE174-8E0F-F5A3-B929-8BD0C55C0A32} = {984BB9B3-3FA3-BE33-9484-CAC21695A33C}
		{73419F1B-689B-439E-8F19-58B7129E3203} = {C5FBE174-8E0F-F5A3-B929-8BD0C55C0A32}
		{24166B48-2CFF-4BA8-B4C0-2266E06CA73C} = {C5FBE174-8E0F-F5A3-B929-8BD0C55C0A32}
		{1F91DA3B-EE92-43E9-B753-FD2ECD8E5D31} = {C5FBE174-8E0F-F5A3-B929-8BD0C55C0A32}
		{EA21366C-CA10-58A8-F467-82E475E18730} = {984BB9B3-3FA3-BE33-9484-CAC21695A33C}
		{536F6E6E-3E9E-484F-94CB-0FDA88E811CC} = {EA21366C-CA10-58A8-F467-82E475E18730}
		{59A1B451-F154-477B-9278-D17E5DBE5D54} = {EA21366C-CA10-58A8-F467-82E475E18730}
		{87F97126-99EA-4BC8-8D40-DAF0D23B454E} = {EA21366C-CA10-58A8-F467-82E475E18730}
		{A4401965-5809-5141-2D9E-29A141B8CC83} = {984BB9B3-3FA3-BE33-9484-CAC21695A33C}
		{76EA52E0-4C5A-4EFA-95CF-103E06252396} = {A4401965-5809-5141-2D9E-29A141B8CC83}
		{D52BB0B1-73BD-493C-8654-E79C457DDE46} = {A4401965-5809-5141-2D9E-29A141B8CC83}
		{C1B99A73-0DBC-40DA-8203-D2F5E29A98EC} = {A4401965-5809-5141-2D9E-29A141B8CC83}
		{954622F2-B7C7-4753-AD53-91C5D306E056} = {A4401965-5809-5141-2D9E-29A141B8CC83}
		{F81450C1-4687-1D10-9817-770A2DDC5EA4} = {984BB9B3-3FA3-BE33-9484-CAC21695A33C}
		{B965425E-47F7-49C3-A8E0-70669C589961} = {F81450C1-4687-1D10-9817-770A2DDC5EA4}
		{C2E00E17-6491-4EA7-A477-803D36DB1151} = {F81450C1-4687-1D10-9817-770A2DDC5EA4}
		{AFF0839D-F866-33C7-E8C2-547BAEB3ADA1} = {0AB3BF05-4346-4AA6-1389-037BE0695223}
		{76883534-BAD4-4686-9199-B72DE4FEC5A9} = {AFF0839D-F866-33C7-E8C2-547BAEB3ADA1}
	EndGlobalSection
EndGlobal
